// !$*UTF8*$!
{
	archiveVersion = 1;
	classes = {
	};
	objectVersion = 46;
	objects = {

/* Begin PBXBuildFile section */
		9468A34F1CF4455B00A9F0FB /* main.swift in Sources */ = {isa = PBXBuildFile; fileRef = 9468A34E1CF4455B00A9F0FB /* main.swift */; };
		9468A3561CF445AA00A9F0FB /* Greeting.swift in Sources */ = {isa = PBXBuildFile; fileRef = 9468A3551CF445AA00A9F0FB /* Greeting.swift */; };
		9468A3581CF4461E00A9F0FB /* MyClass.swift in Sources */ = {isa = PBXBuildFile; fileRef = 9468A3571CF4461E00A9F0FB /* MyClass.swift */; };
/* End PBXBuildFile section */

/* Begin PBXCopyFilesBuildPhase section */
		9468A3491CF4455B00A9F0FB /* CopyFiles */ = {
			isa = PBXCopyFilesBuildPhase;
			buildActionMask = 2147483647;
			dstPath = /usr/share/man/man1/;
			dstSubfolderSpec = 0;
			files = (
			);
			runOnlyForDeploymentPostprocessing = 1;
		};
/* End PBXCopyFilesBuildPhase section */

/* Begin PBXFileReference section */
		9468A34B1CF4455B00A9F0FB /* HelloClass */ = {isa = PBXFileReference; explicitFileType = "compiled.mach-o.executable"; includeInIndex = 0; path = HelloClass; sourceTree = BUILT_PRODUCTS_DIR; };
		9468A34E1CF4455B00A9F0FB /* main.swift */ = {isa = PBXFileReference; lastKnownFileType = sourcecode.swift; path = main.swift; sourceTree = "<group>"; };
		9468A3551CF445AA00A9F0FB /* Greeting.swift */ = {isa = PBXFileReference; fileEncoding = 4; lastKnownFileType = sourcecode.swift; name = Greeting.swift; path = ../Greeting.swift; sourceTree = "<group>"; };
		9468A3571CF4461E00A9F0FB /* MyClass.swift */ = {isa = PBXFileReference; fileEncoding = 4; lastKnownFileType = sourcecode.swift; path = MyClass.swift; sourceTree = "<group>"; };
/* End PBXFileReference section */

/* Begin PBXFrameworksBuildPhase section */
		9468A3481CF4455B00A9F0FB /* Frameworks */ = {
			isa = PBXFrameworksBuildPhase;
			buildActionMask = 2147483647;
			files = (
			);
			runOnlyForDeploymentPostprocessing = 0;
		};
/* End PBXFrameworksBuildPhase section */

/* Begin PBXGroup section */
		9468A3421CF4455B00A9F0FB = {
			isa = PBXGroup;
			children = (
				9468A34D1CF4455B00A9F0FB /* HelloClass */,
				9468A34C1CF4455B00A9F0FB /* Products */,
			);
			sourceTree = "<group>";
		};
		9468A34C1CF4455B00A9F0FB /* Products */ = {
			isa = PBXGroup;
			children = (
				9468A34B1CF4455B00A9F0FB /* HelloClass */,
			);
			name = Products;
			sourceTree = "<group>";
		};
		9468A34D1CF4455B00A9F0FB /* HelloClass */ = {
			isa = PBXGroup;
			children = (
				9468A3551CF445AA00A9F0FB /* Greeting.swift */,
				9468A3571CF4461E00A9F0FB /* MyClass.swift */,
				9468A34E1CF4455B00A9F0FB /* main.swift */,
			);
			path = HelloClass;
			sourceTree = "<group>";
		};
/* End PBXGroup section */

/* Begin PBXNativeTarget section */
		9468A34A1CF4455B00A9F0FB /* HelloClass */ = {
			isa = PBXNativeTarget;
			buildConfigurationList = 9468A3521CF4455B00A9F0FB /* Build configuration list for PBXNativeTarget "HelloClass" */;
			buildPhases = (
				9468A3471CF4455B00A9F0FB /* Sources */,
				9468A3481CF4455B00A9F0FB /* Frameworks */,
				9468A3491CF4455B00A9F0FB /* CopyFiles */,
			);
			buildRules = (
			);
			dependencies = (
			);
			name = HelloClass;
			productName = HelloClass;
			productReference = 9468A34B1CF4455B00A9F0FB /* HelloClass */;
			productType = "com.apple.product-type.tool";
		};
/* End PBXNativeTarget section */

/* Begin PBXProject section */
		9468A3431CF4455B00A9F0FB /* Project object */ = {
			isa = PBXProject;
			attributes = {
				LastSwiftUpdateCheck = 0730;
				LastUpgradeCheck = 0730;
				ORGANIZATIONNAME = Ryan;
				TargetAttributes = {
					9468A34A1CF4455B00A9F0FB = {
						CreatedOnToolsVersion = 7.3.1;
					};
				};
			};
			buildConfigurationList = 9468A3461CF4455B00A9F0FB /* Build configuration list for PBXProject "HelloClass" */;
			compatibilityVersion = "Xcode 3.2";
			developmentRegion = English;
			hasScannedForEncodings = 0;
			knownRegions = (
				en,
			);
			mainGroup = 9468A3421CF4455B00A9F0FB;
			productRefGroup = 9468A34C1CF4455B00A9F0FB /* Products */;
			projectDirPath = "";
			projectRoot = "";
			targets = (
				9468A34A1CF4455B00A9F0FB /* HelloClass */,
			);
		};
/* End PBXProject section */

/* Begin PBXSourcesBuildPhase section */
		9468A3471CF4455B00A9F0FB /* Sources */ = {
			isa = PBXSourcesBuildPhase;
			buildActionMask = 2147483647;
			files = (
				9468A3561CF445AA00A9F0FB /* Greeting.swift in Sources */,
				9468A34F1CF4455B00A9F0FB /* main.swift in Sources */,
				9468A3581CF4461E00A9F0FB /* MyClass.swift in Sources */,
			);
			runOnlyForDeploymentPostprocessing = 0;
		};
/* End PBXSourcesBuildPhase section */

/* Begin XCBuildConfiguration section */
		9468A3501CF4455B00A9F0FB /* Debug */ = {
			isa = XCBuildConfiguration;
			buildSettings = {
				ALWAYS_SEARCH_USER_PATHS = NO;
				CLANG_ANALYZER_NONNULL = YES;
				CLANG_CXX_LANGUAGE_STANDARD = "gnu++0x";
				CLANG_CXX_LIBRARY = "libc++";
				CLANG_ENABLE_MODULES = YES;
				CLANG_ENABLE_OBJC_ARC = YES;
				CLANG_WARN_BOOL_CONVERSION = YES;
				CLANG_WARN_CONSTANT_CONVERSION = YES;
				CLANG_WARN_DIRECT_OBJC_ISA_USAGE = YES_ERROR;
				CLANG_WARN_EMPTY_BODY = YES;
				CLANG_WARN_ENUM_CONVERSION = YES;
				CLANG_WARN_INT_CONVERSION = YES;
				CLANG_WARN_OBJC_ROOT_CLASS = YES_ERROR;
				CLANG_WARN_UNREACHABLE_CODE = YES;
				CLANG_WARN__DUPLICATE_METHOD_MATCH = YES;
				CODE_SIGN_IDENTITY = "-";
				COPY_PHASE_STRIP = NO;
				DEBUG_INFORMATION_FORMAT = dwarf;
				ENABLE_STRICT_OBJC_MSGSEND = YES;
				ENABLE_TESTABILITY = YES;
				GCC_C_LANGUAGE_STANDARD = gnu99;
				GCC_DYNAMIC_NO_PIC = NO;
				GCC_NO_COMMON_BLOCKS = YES;
				GCC_OPTIMIZATION_LEVEL = 0;
				GCC_PREPROCESSOR_DEFINITIONS = (
					"DEBUG=1",
					"$(inherited)",
				);
				GCC_WARN_64_TO_32_BIT_CONVERSION = YES;
				GCC_WARN_ABOUT_RETURN_TYPE = YES_ERROR;
				GCC_WARN_UNDECLARED_SELECTOR = YES;
				GCC_WARN_UNINITIALIZED_AUTOS = YES_AGGRESSIVE;
				GCC_WARN_UNUSED_FUNCTION = YES;
				GCC_WARN_UNUSED_VARIABLE = YES;
				MACOSX_DEPLOYMENT_TARGET = 10.11;
				MTL_ENABLE_DEBUG_INFO = YES;
				ONLY_ACTIVE_ARCH = YES;
				SDKROOT = macosx;
				SWIFT_OPTIMIZATION_LEVEL = "-Onone";
			};
			name = Debug;
		};
		9468A3511CF4455B00A9F0FB /* Release */ = {
			isa = XCBuildConfiguration;
			buildSettings = {
				ALWAYS_SEARCH_USER_PATHS = NO;
				CLANG_ANALYZER_NONNULL = YES;
				CLANG_CXX_LANGUAGE_STANDARD = "gnu++0x";
				CLANG_CXX_LIBRARY = "libc++";
				CLANG_ENABLE_MODULES = YES;
				CLANG_ENABLE_OBJC_ARC = YES;
				CLANG_WARN_BOOL_CONVERSION = YES;
				CLANG_WARN_CONSTANT_CONVERSION = YES;
				CLANG_WARN_DIRECT_OBJC_ISA_USAGE = YES_ERROR;
				CLANG_WARN_EMPTY_BODY = YES;
				CLANG_WARN_ENUM_CONVERSION = YES;
				CLANG_WARN_INT_CONVERSION = YES;
				CLANG_WARN_OBJC_ROOT_CLASS = YES_ERROR;
				CLANG_WARN_UNREACHABLE_CODE = YES;
				CLANG_WARN__DUPLICATE_METHOD_MATCH = YES;
				CODE_SIGN_IDENTITY = "-";
				COPY_PHASE_STRIP = NO;
				DEBUG_INFORMATION_FORMAT = "dwarf-with-dsym";
				ENABLE_NS_ASSERTIONS = NO;
				ENABLE_STRICT_OBJC_MSGSEND = YES;
				GCC_C_LANGUAGE_STANDARD = gnu99;
				GCC_NO_COMMON_BLOCKS = YES;
				GCC_WARN_64_TO_32_BIT_CONVERSION = YES;
				GCC_WARN_ABOUT_RETURN_TYPE = YES_ERROR;
				GCC_WARN_UNDECLARED_SELECTOR = YES;
				GCC_WARN_UNINITIALIZED_AUTOS = YES_AGGRESSIVE;
				GCC_WARN_UNUSED_FUNCTION = YES;
				GCC_WARN_UNUSED_VARIABLE = YES;
				MACOSX_DEPLOYMENT_TARGET = 10.11;
				MTL_ENABLE_DEBUG_INFO = NO;
				SDKROOT = macosx;
			};
			name = Release;
		};
		9468A3531CF4455B00A9F0FB /* Debug */ = {
			isa = XCBuildConfiguration;
			buildSettings = {
				PRODUCT_NAME = "$(TARGET_NAME)";
			};
			name = Debug;
		};
		9468A3541CF4455B00A9F0FB /* Release */ = {
			isa = XCBuildConfiguration;
			buildSettings = {
				PRODUCT_NAME = "$(TARGET_NAME)";
			};
			name = Release;
		};
/* End XCBuildConfiguration section */

/* Begin XCConfigurationList section */
		9468A3461CF4455B00A9F0FB /* Build configuration list for PBXProject "HelloClass" */ = {
			isa = XCConfigurationList;
			buildConfigurations = (
				9468A3501CF4455B00A9F0FB /* Debug */,
				9468A3511CF4455B00A9F0FB /* Release */,
			);
			defaultConfigurationIsVisible = 0;
			defaultConfigurationName = Release;
		};
		9468A3521CF4455B00A9F0FB /* Build configuration list for PBXNativeTarget "HelloClass" */ = {
			isa = XCConfigurationList;
			buildConfigurations = (
				9468A3531CF4455B00A9F0FB /* Debug */,
				9468A3541CF4455B00A9F0FB /* Release */,
			);
			defaultConfigurationIsVisible = 0;
		};
/* End XCConfigurationList section */
	};
	rootObject = 9468A3431CF4455B00A9F0FB /* Project object */;
}
